
Microsoft Visual Studio Solution File, Format Version 12.00
# Visual Studio Express 2012 for Web
Project("{2150E333-8FDC-42A3-9474-1A3956D46DE8}") = "1-Apresentacao", "1-Apresentacao", "{911FE8A2-4C0B-4305-9F1F-CCFD28405CAA}"
EndProject
Project("{2150E333-8FDC-42A3-9474-1A3956D46DE8}") = "2-Aplicacao", "2-Aplicacao", "{6444F6DC-CD3D-4180-AB4D-80FBB53A2F94}"
EndProject
Project("{2150E333-8FDC-42A3-9474-1A3956D46DE8}") = "3-Dominio", "3-Dominio", "{2286964F-B12C-4971-9F21-41F682708EFB}"
EndProject
Project("{2150E333-8FDC-42A3-9474-1A3956D46DE8}") = "4-Persistencia", "4-Persistencia", "{B288D691-E82D-45B9-ABA5-0EB80454BDB0}"
EndProject
Project("{2150E333-8FDC-42A3-9474-1A3956D46DE8}") = "5-Transversal", "5-Transversal", "{BDA45DC4-DF5F-4DCD-9AAA-325B8EF3BDF8}"
EndProject
Project("{FAE04EC0-301F-11D3-BF4B-00C04F79EFBC}") = "Cv2.Apresentacao.Web.Mvc", "Cv2.Apresentacao.Web.Mvc\Cv2.Apresentacao.Web.Mvc.csproj", "{838003A2-78AF-40F6-A7FE-843C3A1F1241}"
EndProject
Project("{FAE04EC0-301F-11D3-BF4B-00C04F79EFBC}") = "Cv2.Aplicacao", "Cv2.Aplicacao\Cv2.Aplicacao.csproj", "{48FB3B7D-51E1-4672-B111-0B955393A06F}"
EndProject
Project("{FAE04EC0-301F-11D3-BF4B-00C04F79EFBC}") = "Cv2.Dominio", "Cv2.Dominio\Cv2.Dominio.csproj", "{984CABAA-2DEA-4869-A418-5095EFA9419F}"
EndProject
Project("{FAE04EC0-301F-11D3-BF4B-00C04F79EFBC}") = "Cv2.Persistencia", "Cv2.Persistencia\Cv2.Persistencia.csproj", "{3EC510B6-3BBF-4E15-AC99-132A40AC5E71}"
EndProject
Project("{FAE04EC0-301F-11D3-BF4B-00C04F79EFBC}") = "Cv2.Transversal.Injecao", "Cv2.Transversal.Injecao\Cv2.Transversal.Injecao.csproj", "{421E59DE-0C6E-4CF3-BF25-DC2A9F523FDC}"
EndProject
Project("{FAE04EC0-301F-11D3-BF4B-00C04F79EFBC}") = "Cv2.Transversal.Log", "Cv2.Transversal.Log\Cv2.Transversal.Log.csproj", "{BEECD7AC-BCCB-4AE5-B0CF-E3F5122B00A7}"
EndProject
Project("{FAE04EC0-301F-11D3-BF4B-00C04F79EFBC}") = "Cv2.Transversal.Teste", "Cv2.Transversal.Teste\Cv2.Transversal.Teste.csproj", "{B8AE9999-E4D9-442F-8EAA-689BC77BD3CC}"
EndProject
Project("{FAE04EC0-301F-11D3-BF4B-00C04F79EFBC}") = "Cv2.Transversal.Excecao", "Cv2.Transversal.Excecao\Cv2.Transversal.Excecao.csproj", "{0F6A3910-CC91-4E00-98EE-331214F15876}"
EndProject
Global
	GlobalSection(SolutionConfigurationPlatforms) = preSolution
		Debug|Any CPU = Debug|Any CPU
		Release|Any CPU = Release|Any CPU
	EndGlobalSection
	GlobalSection(ProjectConfigurationPlatforms) = postSolution
		{838003A2-78AF-40F6-A7FE-843C3A1F1241}.Debug|Any CPU.ActiveCfg = Debug|Any CPU
		{838003A2-78AF-40F6-A7FE-843C3A1F1241}.Debug|Any CPU.Build.0 = Debug|Any CPU
		{838003A2-78AF-40F6-A7FE-843C3A1F1241}.Release|Any CPU.ActiveCfg = Release|Any CPU
		{838003A2-78AF-40F6-A7FE-843C3A1F1241}.Release|Any CPU.Build.0 = Release|Any CPU
		{48FB3B7D-51E1-4672-B111-0B955393A06F}.Debug|Any CPU.ActiveCfg = Debug|Any CPU
		{48FB3B7D-51E1-4672-B111-0B955393A06F}.Debug|Any CPU.Build.0 = Debug|Any CPU
		{48FB3B7D-51E1-4672-B111-0B955393A06F}.Release|Any CPU.ActiveCfg = Release|Any CPU
		{48FB3B7D-51E1-4672-B111-0B955393A06F}.Release|Any CPU.Build.0 = Release|Any CPU
		{984CABAA-2DEA-4869-A418-5095EFA9419F}.Debug|Any CPU.ActiveCfg = Debug|Any CPU
		{984CABAA-2DEA-4869-A418-5095EFA9419F}.Debug|Any CPU.Build.0 = Debug|Any CPU
		{984CABAA-2DEA-4869-A418-5095EFA9419F}.Release|Any CPU.ActiveCfg = Release|Any CPU
		{984CABAA-2DEA-4869-A418-5095EFA9419F}.Release|Any CPU.Build.0 = Release|Any CPU
		{3EC510B6-3BBF-4E15-AC99-132A40AC5E71}.Debug|Any CPU.ActiveCfg = Debug|Any CPU
		{3EC510B6-3BBF-4E15-AC99-132A40AC5E71}.Debug|Any CPU.Build.0 = Debug|Any CPU
		{3EC510B6-3BBF-4E15-AC99-132A40AC5E71}.Release|Any CPU.ActiveCfg = Release|Any CPU
		{3EC510B6-3BBF-4E15-AC99-132A40AC5E71}.Release|Any CPU.Build.0 = Release|Any CPU
		{421E59DE-0C6E-4CF3-BF25-DC2A9F523FDC}.Debug|Any CPU.ActiveCfg = Debug|Any CPU
		{421E59DE-0C6E-4CF3-BF25-DC2A9F523FDC}.Debug|Any CPU.Build.0 = Debug|Any CPU
		{421E59DE-0C6E-4CF3-BF25-DC2A9F523FDC}.Release|Any CPU.ActiveCfg = Release|Any CPU
		{421E59DE-0C6E-4CF3-BF25-DC2A9F523FDC}.Release|Any CPU.Build.0 = Release|Any CPU
		{BEECD7AC-BCCB-4AE5-B0CF-E3F5122B00A7}.Debug|Any CPU.ActiveCfg = Debug|Any CPU
		{BEECD7AC-BCCB-4AE5-B0CF-E3F5122B00A7}.Debug|Any CPU.Build.0 = Debug|Any CPU
		{BEECD7AC-BCCB-4AE5-B0CF-E3F5122B00A7}.Release|Any CPU.ActiveCfg = Release|Any CPU
		{BEECD7AC-BCCB-4AE5-B0CF-E3F5122B00A7}.Release|Any CPU.Build.0 = Release|Any CPU
		{B8AE9999-E4D9-442F-8EAA-689BC77BD3CC}.Debug|Any CPU.ActiveCfg = Debug|Any CPU
		{B8AE9999-E4D9-442F-8EAA-689BC77BD3CC}.Debug|Any CPU.Build.0 = Debug|Any CPU
		{B8AE9999-E4D9-442F-8EAA-689BC77BD3CC}.Release|Any CPU.ActiveCfg = Release|Any CPU
		{B8AE9999-E4D9-442F-8EAA-689BC77BD3CC}.Release|Any CPU.Build.0 = Release|Any CPU
		{0F6A3910-CC91-4E00-98EE-331214F15876}.Debug|Any CPU.ActiveCfg = Debug|Any CPU
		{0F6A3910-CC91-4E00-98EE-331214F15876}.Debug|Any CPU.Build.0 = Debug|Any CPU
		{0F6A3910-CC91-4E00-98EE-331214F15876}.Release|Any CPU.ActiveCfg = Release|Any CPU
		{0F6A3910-CC91-4E00-98EE-331214F15876}.Release|Any CPU.Build.0 = Release|Any CPU
	EndGlobalSection
	GlobalSection(SolutionProperties) = preSolution
		HideSolutionNode = FALSE
	EndGlobalSection
	GlobalSection(NestedProjects) = preSolution
		{838003A2-78AF-40F6-A7FE-843C3A1F1241} = {911FE8A2-4C0B-4305-9F1F-CCFD28405CAA}
		{48FB3B7D-51E1-4672-B111-0B955393A06F} = {6444F6DC-CD3D-4180-AB4D-80FBB53A2F94}
		{984CABAA-2DEA-4869-A418-5095EFA9419F} = {2286964F-B12C-4971-9F21-41F682708EFB}
		{3EC510B6-3BBF-4E15-AC99-132A40AC5E71} = {B288D691-E82D-45B9-ABA5-0EB80454BDB0}
		{421E59DE-0C6E-4CF3-BF25-DC2A9F523FDC} = {BDA45DC4-DF5F-4DCD-9AAA-325B8EF3BDF8}
		{BEECD7AC-BCCB-4AE5-B0CF-E3F5122B00A7} = {BDA45DC4-DF5F-4DCD-9AAA-325B8EF3BDF8}
		{B8AE9999-E4D9-442F-8EAA-689BC77BD3CC} = {BDA45DC4-DF5F-4DCD-9AAA-325B8EF3BDF8}
		{0F6A3910-CC91-4E00-98EE-331214F15876} = {BDA45DC4-DF5F-4DCD-9AAA-325B8EF3BDF8}
	EndGlobalSection
EndGlobal
